
Microsoft Visual Studio Solution File, Format Version 12.00
# Visual Studio 15
VisualStudioVersion = 15.0.28307.757
MinimumVisualStudioVersion = 10.0.40219.1
Project("{9A19103F-16F7-4668-BE54-9A1E7A4F7556}") = "Shopee.Common", "Shopee.Common\Shopee.Common.csproj", "{DB2AF909-DD5A-4C02-B0F4-A9A077584B97}"
EndProject
Project("{2150E333-8FDC-42A3-9474-1A3956D46DE8}") = "Frontend", "Frontend", "{57EDEB0A-0C9B-4276-BA3D-2ABFFDC1E439}"
EndProject
Project("{2150E333-8FDC-42A3-9474-1A3956D46DE8}") = "Backend", "Backend", "{DBF4151F-BB14-492F-84A3-10FE5BCB7BE8}"
EndProject
Project("{9A19103F-16F7-4668-BE54-9A1E7A4F7556}") = "Shopee.Web", "Shopee.Web\Shopee.Web.csproj", "{A34A2628-5847-4A32-94DE-EF8CF0F3E91B}"
EndProject
Project("{2150E333-8FDC-42A3-9474-1A3956D46DE8}") = "Forms", "Forms", "{53394B89-F1F8-4930-88B6-EE8B76F66AA4}"
EndProject
Project("{2150E333-8FDC-42A3-9474-1A3956D46DE8}") = "Classic", "Classic", "{794FF3CC-69EA-469A-8B5D-961571B11A0D}"
EndProject
Project("{FAE04EC0-301F-11D3-BF4B-00C04F79EFBC}") = "Shopee.UIForms.Android", "Shopee.UIForms\Shopee.UIForms.Android\Shopee.UIForms.Android.csproj", "{5A4BA98D-F835-41D3-AB5F-38AAC5CF67ED}"
EndProject
Project("{FAE04EC0-301F-11D3-BF4B-00C04F79EFBC}") = "Shopee.UIForms.iOS", "Shopee.UIForms\Shopee.UIForms.iOS\Shopee.UIForms.iOS.csproj", "{143B6D2C-FBC4-41D7-B1BE-97760181EFD8}"
EndProject
Project("{FAE04EC0-301F-11D3-BF4B-00C04F79EFBC}") = "Shopee.UIForms", "Shopee.UIForms\Shopee.UIForms\Shopee.UIForms.csproj", "{95CB8A84-5DEA-42DB-A199-3EEE7A3C82E2}"
EndProject
Project("{FAE04EC0-301F-11D3-BF4B-00C04F79EFBC}") = "Shopee.UIClassic", "Shopee.UIClassic\Shopee.UIClassic.csproj", "{579DAC1D-BD4A-4559-B3C8-F8034BDB654E}"
EndProject
Project("{FAE04EC0-301F-11D3-BF4B-00C04F79EFBC}") = "Shopee.UIClassic.Android", "Shopee.UIClassic.Android\Shopee.UIClassic.Android.csproj", "{B22A836F-1BC8-43D8-995A-8D3CD36ABA9E}"
EndProject
Project("{FAE04EC0-301F-11D3-BF4B-00C04F79EFBC}") = "Shopee.UIClassic.iOS", "Shopee.UIClassic.iOS\Shopee.UIClassic.iOS.csproj", "{80A96B52-6758-4BDB-B0B4-CEA4CA155C60}"
EndProject
Global
	GlobalSection(SolutionConfigurationPlatforms) = preSolution
		Ad-Hoc|Any CPU = Ad-Hoc|Any CPU
		Ad-Hoc|iPhone = Ad-Hoc|iPhone
		Ad-Hoc|iPhoneSimulator = Ad-Hoc|iPhoneSimulator
		AppStore|Any CPU = AppStore|Any CPU
		AppStore|iPhone = AppStore|iPhone
		AppStore|iPhoneSimulator = AppStore|iPhoneSimulator
		Debug|Any CPU = Debug|Any CPU
		Debug|iPhone = Debug|iPhone
		Debug|iPhoneSimulator = Debug|iPhoneSimulator
		Release|Any CPU = Release|Any CPU
		Release|iPhone = Release|iPhone
		Release|iPhoneSimulator = Release|iPhoneSimulator
	EndGlobalSection
	GlobalSection(ProjectConfigurationPlatforms) = postSolution
		{DB2AF909-DD5A-4C02-B0F4-A9A077584B97}.Ad-Hoc|Any CPU.ActiveCfg = Release|Any CPU
		{DB2AF909-DD5A-4C02-B0F4-A9A077584B97}.Ad-Hoc|Any CPU.Build.0 = Release|Any CPU
		{DB2AF909-DD5A-4C02-B0F4-A9A077584B97}.Ad-Hoc|iPhone.ActiveCfg = Release|Any CPU
		{DB2AF909-DD5A-4C02-B0F4-A9A077584B97}.Ad-Hoc|iPhone.Build.0 = Release|Any CPU
		{DB2AF909-DD5A-4C02-B0F4-A9A077584B97}.Ad-Hoc|iPhoneSimulator.ActiveCfg = Release|Any CPU
		{DB2AF909-DD5A-4C02-B0F4-A9A077584B97}.Ad-Hoc|iPhoneSimulator.Build.0 = Release|Any CPU
		{DB2AF909-DD5A-4C02-B0F4-A9A077584B97}.AppStore|Any CPU.ActiveCfg = Release|Any CPU
		{DB2AF909-DD5A-4C02-B0F4-A9A077584B97}.AppStore|Any CPU.Build.0 = Release|Any CPU
		{DB2AF909-DD5A-4C02-B0F4-A9A077584B97}.AppStore|iPhone.ActiveCfg = Release|Any CPU
		{DB2AF909-DD5A-4C02-B0F4-A9A077584B97}.AppStore|iPhone.Build.0 = Release|Any CPU
		{DB2AF909-DD5A-4C02-B0F4-A9A077584B97}.AppStore|iPhoneSimulator.ActiveCfg = Release|Any CPU
		{DB2AF909-DD5A-4C02-B0F4-A9A077584B97}.AppStore|iPhoneSimulator.Build.0 = Release|Any CPU
		{DB2AF909-DD5A-4C02-B0F4-A9A077584B97}.Debug|Any CPU.ActiveCfg = Debug|Any CPU
		{DB2AF909-DD5A-4C02-B0F4-A9A077584B97}.Debug|Any CPU.Build.0 = Debug|Any CPU
		{DB2AF909-DD5A-4C02-B0F4-A9A077584B97}.Debug|iPhone.ActiveCfg = Debug|Any CPU
		{DB2AF909-DD5A-4C02-B0F4-A9A077584B97}.Debug|iPhone.Build.0 = Debug|Any CPU
		{DB2AF909-DD5A-4C02-B0F4-A9A077584B97}.Debug|iPhoneSimulator.ActiveCfg = Debug|Any CPU
		{DB2AF909-DD5A-4C02-B0F4-A9A077584B97}.Debug|iPhoneSimulator.Build.0 = Debug|Any CPU
		{DB2AF909-DD5A-4C02-B0F4-A9A077584B97}.Release|Any CPU.ActiveCfg = Release|Any CPU
		{DB2AF909-DD5A-4C02-B0F4-A9A077584B97}.Release|Any CPU.Build.0 = Release|Any CPU
		{DB2AF909-DD5A-4C02-B0F4-A9A077584B97}.Release|iPhone.ActiveCfg = Release|Any CPU
		{DB2AF909-DD5A-4C02-B0F4-A9A077584B97}.Release|iPhone.Build.0 = Release|Any CPU
		{DB2AF909-DD5A-4C02-B0F4-A9A077584B97}.Release|iPhoneSimulator.ActiveCfg = Release|Any CPU
		{DB2AF909-DD5A-4C02-B0F4-A9A077584B97}.Release|iPhoneSimulator.Build.0 = Release|Any CPU
		{A34A2628-5847-4A32-94DE-EF8CF0F3E91B}.Ad-Hoc|Any CPU.ActiveCfg = Release|Any CPU
		{A34A2628-5847-4A32-94DE-EF8CF0F3E91B}.Ad-Hoc|Any CPU.Build.0 = Release|Any CPU
		{A34A2628-5847-4A32-94DE-EF8CF0F3E91B}.Ad-Hoc|iPhone.ActiveCfg = Release|Any CPU
		{A34A2628-5847-4A32-94DE-EF8CF0F3E91B}.Ad-Hoc|iPhone.Build.0 = Release|Any CPU
		{A34A2628-5847-4A32-94DE-EF8CF0F3E91B}.Ad-Hoc|iPhoneSimulator.ActiveCfg = Release|Any CPU
		{A34A2628-5847-4A32-94DE-EF8CF0F3E91B}.Ad-Hoc|iPhoneSimulator.Build.0 = Release|Any CPU
		{A34A2628-5847-4A32-94DE-EF8CF0F3E91B}.AppStore|Any CPU.ActiveCfg = Release|Any CPU
		{A34A2628-5847-4A32-94DE-EF8CF0F3E91B}.AppStore|Any CPU.Build.0 = Release|Any CPU
		{A34A2628-5847-4A32-94DE-EF8CF0F3E91B}.AppStore|iPhone.ActiveCfg = Release|Any CPU
		{A34A2628-5847-4A32-94DE-EF8CF0F3E91B}.AppStore|iPhone.Build.0 = Release|Any CPU
		{A34A2628-5847-4A32-94DE-EF8CF0F3E91B}.AppStore|iPhoneSimulator.ActiveCfg = Release|Any CPU
		{A34A2628-5847-4A32-94DE-EF8CF0F3E91B}.AppStore|iPhoneSimulator.Build.0 = Release|Any CPU
		{A34A2628-5847-4A32-94DE-EF8CF0F3E91B}.Debug|Any CPU.ActiveCfg = Debug|Any CPU
		{A34A2628-5847-4A32-94DE-EF8CF0F3E91B}.Debug|Any CPU.Build.0 = Debug|Any CPU
		{A34A2628-5847-4A32-94DE-EF8CF0F3E91B}.Debug|iPhone.ActiveCfg = Debug|Any CPU
		{A34A2628-5847-4A32-94DE-EF8CF0F3E91B}.Debug|iPhone.Build.0 = Debug|Any CPU
		{A34A2628-5847-4A32-94DE-EF8CF0F3E91B}.Debug|iPhoneSimulator.ActiveCfg = Debug|Any CPU
		{A34A2628-5847-4A32-94DE-EF8CF0F3E91B}.Debug|iPhoneSimulator.Build.0 = Debug|Any CPU
		{A34A2628-5847-4A32-94DE-EF8CF0F3E91B}.Release|Any CPU.ActiveCfg = Release|Any CPU
		{A34A2628-5847-4A32-94DE-EF8CF0F3E91B}.Release|Any CPU.Build.0 = Release|Any CPU
		{A34A2628-5847-4A32-94DE-EF8CF0F3E91B}.Release|iPhone.ActiveCfg = Release|Any CPU
		{A34A2628-5847-4A32-94DE-EF8CF0F3E91B}.Release|iPhone.Build.0 = Release|Any CPU
		{A34A2628-5847-4A32-94DE-EF8CF0F3E91B}.Release|iPhoneSimulator.ActiveCfg = Release|Any CPU
		{A34A2628-5847-4A32-94DE-EF8CF0F3E91B}.Release|iPhoneSimulator.Build.0 = Release|Any CPU
		{5A4BA98D-F835-41D3-AB5F-38AAC5CF67ED}.Ad-Hoc|Any CPU.ActiveCfg = Release|Any CPU
		{5A4BA98D-F835-41D3-AB5F-38AAC5CF67ED}.Ad-Hoc|Any CPU.Build.0 = Release|Any CPU
		{5A4BA98D-F835-41D3-AB5F-38AAC5CF67ED}.Ad-Hoc|Any CPU.Deploy.0 = Release|Any CPU
		{5A4BA98D-F835-41D3-AB5F-38AAC5CF67ED}.Ad-Hoc|iPhone.ActiveCfg = Release|Any CPU
		{5A4BA98D-F835-41D3-AB5F-38AAC5CF67ED}.Ad-Hoc|iPhone.Build.0 = Release|Any CPU
		{5A4BA98D-F835-41D3-AB5F-38AAC5CF67ED}.Ad-Hoc|iPhone.Deploy.0 = Release|Any CPU
		{5A4BA98D-F835-41D3-AB5F-38AAC5CF67ED}.Ad-Hoc|iPhoneSimulator.ActiveCfg = Release|Any CPU
		{5A4BA98D-F835-41D3-AB5F-38AAC5CF67ED}.Ad-Hoc|iPhoneSimulator.Build.0 = Release|Any CPU
		{5A4BA98D-F835-41D3-AB5F-38AAC5CF67ED}.Ad-Hoc|iPhoneSimulator.Deploy.0 = Release|Any CPU
		{5A4BA98D-F835-41D3-AB5F-38AAC5CF67ED}.AppStore|Any CPU.ActiveCfg = Release|Any CPU
		{5A4BA98D-F835-41D3-AB5F-38AAC5CF67ED}.AppStore|Any CPU.Build.0 = Release|Any CPU
		{5A4BA98D-F835-41D3-AB5F-38AAC5CF67ED}.AppStore|Any CPU.Deploy.0 = Release|Any CPU
		{5A4BA98D-F835-41D3-AB5F-38AAC5CF67ED}.AppStore|iPhone.ActiveCfg = Release|Any CPU
		{5A4BA98D-F835-41D3-AB5F-38AAC5CF67ED}.AppStore|iPhone.Build.0 = Release|Any CPU
		{5A4BA98D-F835-41D3-AB5F-38AAC5CF67ED}.AppStore|iPhone.Deploy.0 = Release|Any CPU
		{5A4BA98D-F835-41D3-AB5F-38AAC5CF67ED}.AppStore|iPhoneSimulator.ActiveCfg = Release|Any CPU
		{5A4BA98D-F835-41D3-AB5F-38AAC5CF67ED}.AppStore|iPhoneSimulator.Build.0 = Release|Any CPU
		{5A4BA98D-F835-41D3-AB5F-38AAC5CF67ED}.AppStore|iPhoneSimulator.Deploy.0 = Release|Any CPU
		{5A4BA98D-F835-41D3-AB5F-38AAC5CF67ED}.Debug|Any CPU.ActiveCfg = Debug|Any CPU
		{5A4BA98D-F835-41D3-AB5F-38AAC5CF67ED}.Debug|Any CPU.Build.0 = Debug|Any CPU
		{5A4BA98D-F835-41D3-AB5F-38AAC5CF67ED}.Debug|Any CPU.Deploy.0 = Debug|Any CPU
		{5A4BA98D-F835-41D3-AB5F-38AAC5CF67ED}.Debug|iPhone.ActiveCfg = Debug|Any CPU
		{5A4BA98D-F835-41D3-AB5F-38AAC5CF67ED}.Debug|iPhone.Build.0 = Debug|Any CPU
		{5A4BA98D-F835-41D3-AB5F-38AAC5CF67ED}.Debug|iPhone.Deploy.0 = Debug|Any CPU
		{5A4BA98D-F835-41D3-AB5F-38AAC5CF67ED}.Debug|iPhoneSimulator.ActiveCfg = Debug|Any CPU
		{5A4BA98D-F835-41D3-AB5F-38AAC5CF67ED}.Debug|iPhoneSimulator.Build.0 = Debug|Any CPU
		{5A4BA98D-F835-41D3-AB5F-38AAC5CF67ED}.Debug|iPhoneSimulator.Deploy.0 = Debug|Any CPU
		{5A4BA98D-F835-41D3-AB5F-38AAC5CF67ED}.Release|Any CPU.ActiveCfg = Release|Any CPU
		{5A4BA98D-F835-41D3-AB5F-38AAC5CF67ED}.Release|Any CPU.Build.0 = Release|Any CPU
		{5A4BA98D-F835-41D3-AB5F-38AAC5CF67ED}.Release|Any CPU.Deploy.0 = Release|Any CPU
		{5A4BA98D-F835-41D3-AB5F-38AAC5CF67ED}.Release|iPhone.ActiveCfg = Release|Any CPU
		{5A4BA98D-F835-41D3-AB5F-38AAC5CF67ED}.Release|iPhone.Build.0 = Release|Any CPU
		{5A4BA98D-F835-41D3-AB5F-38AAC5CF67ED}.Release|iPhone.Deploy.0 = Release|Any CPU
		{5A4BA98D-F835-41D3-AB5F-38AAC5CF67ED}.Release|iPhoneSimulator.ActiveCfg = Release|Any CPU
		{5A4BA98D-F835-41D3-AB5F-38AAC5CF67ED}.Release|iPhoneSimulator.Build.0 = Release|Any CPU
		{5A4BA98D-F835-41D3-AB5F-38AAC5CF67ED}.Release|iPhoneSimulator.Deploy.0 = Release|Any CPU
		{143B6D2C-FBC4-41D7-B1BE-97760181EFD8}.Ad-Hoc|Any CPU.ActiveCfg = Ad-Hoc|iPhone
		{143B6D2C-FBC4-41D7-B1BE-97760181EFD8}.Ad-Hoc|iPhone.ActiveCfg = Ad-Hoc|iPhone
		{143B6D2C-FBC4-41D7-B1BE-97760181EFD8}.Ad-Hoc|iPhone.Build.0 = Ad-Hoc|iPhone
		{143B6D2C-FBC4-41D7-B1BE-97760181EFD8}.Ad-Hoc|iPhoneSimulator.ActiveCfg = Ad-Hoc|iPhoneSimulator
		{143B6D2C-FBC4-41D7-B1BE-97760181EFD8}.Ad-Hoc|iPhoneSimulator.Build.0 = Ad-Hoc|iPhoneSimulator
		{143B6D2C-FBC4-41D7-B1BE-97760181EFD8}.AppStore|Any CPU.ActiveCfg = AppStore|iPhone
		{143B6D2C-FBC4-41D7-B1BE-97760181EFD8}.AppStore|iPhone.ActiveCfg = AppStore|iPhone
		{143B6D2C-FBC4-41D7-B1BE-97760181EFD8}.AppStore|iPhone.Build.0 = AppStore|iPhone
		{143B6D2C-FBC4-41D7-B1BE-97760181EFD8}.AppStore|iPhoneSimulator.ActiveCfg = AppStore|iPhoneSimulator
		{143B6D2C-FBC4-41D7-B1BE-97760181EFD8}.AppStore|iPhoneSimulator.Build.0 = AppStore|iPhoneSimulator
		{143B6D2C-FBC4-41D7-B1BE-97760181EFD8}.Debug|Any CPU.ActiveCfg = Debug|iPhone
		{143B6D2C-FBC4-41D7-B1BE-97760181EFD8}.Debug|iPhone.ActiveCfg = Debug|iPhone
		{143B6D2C-FBC4-41D7-B1BE-97760181EFD8}.Debug|iPhone.Build.0 = Debug|iPhone
		{143B6D2C-FBC4-41D7-B1BE-97760181EFD8}.Debug|iPhoneSimulator.ActiveCfg = Debug|iPhoneSimulator
		{143B6D2C-FBC4-41D7-B1BE-97760181EFD8}.Debug|iPhoneSimulator.Build.0 = Debug|iPhoneSimulator
		{143B6D2C-FBC4-41D7-B1BE-97760181EFD8}.Release|Any CPU.ActiveCfg = Release|iPhone
		{143B6D2C-FBC4-41D7-B1BE-97760181EFD8}.Release|iPhone.ActiveCfg = Release|iPhone
		{143B6D2C-FBC4-41D7-B1BE-97760181EFD8}.Release|iPhone.Build.0 = Release|iPhone
		{143B6D2C-FBC4-41D7-B1BE-97760181EFD8}.Release|iPhoneSimulator.ActiveCfg = Release|iPhoneSimulator
		{143B6D2C-FBC4-41D7-B1BE-97760181EFD8}.Release|iPhoneSimulator.Build.0 = Release|iPhoneSimulator
		{95CB8A84-5DEA-42DB-A199-3EEE7A3C82E2}.Ad-Hoc|Any CPU.ActiveCfg = Debug|Any CPU
		{95CB8A84-5DEA-42DB-A199-3EEE7A3C82E2}.Ad-Hoc|Any CPU.Build.0 = Debug|Any CPU
		{95CB8A84-5DEA-42DB-A199-3EEE7A3C82E2}.Ad-Hoc|iPhone.ActiveCfg = Debug|Any CPU
		{95CB8A84-5DEA-42DB-A199-3EEE7A3C82E2}.Ad-Hoc|iPhone.Build.0 = Debug|Any CPU
		{95CB8A84-5DEA-42DB-A199-3EEE7A3C82E2}.Ad-Hoc|iPhoneSimulator.ActiveCfg = Debug|Any CPU
		{95CB8A84-5DEA-42DB-A199-3EEE7A3C82E2}.Ad-Hoc|iPhoneSimulator.Build.0 = Debug|Any CPU
		{95CB8A84-5DEA-42DB-A199-3EEE7A3C82E2}.AppStore|Any CPU.ActiveCfg = Debug|Any CPU
		{95CB8A84-5DEA-42DB-A199-3EEE7A3C82E2}.AppStore|Any CPU.Build.0 = Debug|Any CPU
		{95CB8A84-5DEA-42DB-A199-3EEE7A3C82E2}.AppStore|iPhone.ActiveCfg = Debug|Any CPU
		{95CB8A84-5DEA-42DB-A199-3EEE7A3C82E2}.AppStore|iPhone.Build.0 = Debug|Any CPU
		{95CB8A84-5DEA-42DB-A199-3EEE7A3C82E2}.AppStore|iPhoneSimulator.ActiveCfg = Debug|Any CPU
		{95CB8A84-5DEA-42DB-A199-3EEE7A3C82E2}.AppStore|iPhoneSimulator.Build.0 = Debug|Any CPU
		{95CB8A84-5DEA-42DB-A199-3EEE7A3C82E2}.Debug|Any CPU.ActiveCfg = Debug|Any CPU
		{95CB8A84-5DEA-42DB-A199-3EEE7A3C82E2}.Debug|Any CPU.Build.0 = Debug|Any CPU
		{95CB8A84-5DEA-42DB-A199-3EEE7A3C82E2}.Debug|iPhone.ActiveCfg = Debug|Any CPU
		{95CB8A84-5DEA-42DB-A199-3EEE7A3C82E2}.Debug|iPhone.Build.0 = Debug|Any CPU
		{95CB8A84-5DEA-42DB-A199-3EEE7A3C82E2}.Debug|iPhoneSimulator.ActiveCfg = Debug|Any CPU
		{95CB8A84-5DEA-42DB-A199-3EEE7A3C82E2}.Debug|iPhoneSimulator.Build.0 = Debug|Any CPU
		{95CB8A84-5DEA-42DB-A199-3EEE7A3C82E2}.Release|Any CPU.ActiveCfg = Release|Any CPU
		{95CB8A84-5DEA-42DB-A199-3EEE7A3C82E2}.Release|Any CPU.Build.0 = Release|Any CPU
		{95CB8A84-5DEA-42DB-A199-3EEE7A3C82E2}.Release|iPhone.ActiveCfg = Release|Any CPU
		{95CB8A84-5DEA-42DB-A199-3EEE7A3C82E2}.Release|iPhone.Build.0 = Release|Any CPU
		{95CB8A84-5DEA-42DB-A199-3EEE7A3C82E2}.Release|iPhoneSimulator.ActiveCfg = Release|Any CPU
		{95CB8A84-5DEA-42DB-A199-3EEE7A3C82E2}.Release|iPhoneSimulator.Build.0 = Release|Any CPU
		{579DAC1D-BD4A-4559-B3C8-F8034BDB654E}.Ad-Hoc|Any CPU.ActiveCfg = Debug|Any CPU
		{579DAC1D-BD4A-4559-B3C8-F8034BDB654E}.Ad-Hoc|Any CPU.Build.0 = Debug|Any CPU
		{579DAC1D-BD4A-4559-B3C8-F8034BDB654E}.Ad-Hoc|iPhone.ActiveCfg = Debug|Any CPU
		{579DAC1D-BD4A-4559-B3C8-F8034BDB654E}.Ad-Hoc|iPhone.Build.0 = Debug|Any CPU
		{579DAC1D-BD4A-4559-B3C8-F8034BDB654E}.Ad-Hoc|iPhoneSimulator.ActiveCfg = Debug|Any CPU
		{579DAC1D-BD4A-4559-B3C8-F8034BDB654E}.Ad-Hoc|iPhoneSimulator.Build.0 = Debug|Any CPU
		{579DAC1D-BD4A-4559-B3C8-F8034BDB654E}.AppStore|Any CPU.ActiveCfg = Debug|Any CPU
		{579DAC1D-BD4A-4559-B3C8-F8034BDB654E}.AppStore|Any CPU.Build.0 = Debug|Any CPU
		{579DAC1D-BD4A-4559-B3C8-F8034BDB654E}.AppStore|iPhone.ActiveCfg = Debug|Any CPU
		{579DAC1D-BD4A-4559-B3C8-F8034BDB654E}.AppStore|iPhone.Build.0 = Debug|Any CPU
		{579DAC1D-BD4A-4559-B3C8-F8034BDB654E}.AppStore|iPhoneSimulator.ActiveCfg = Debug|Any CPU
		{579DAC1D-BD4A-4559-B3C8-F8034BDB654E}.AppStore|iPhoneSimulator.Build.0 = Debug|Any CPU
		{579DAC1D-BD4A-4559-B3C8-F8034BDB654E}.Debug|Any CPU.ActiveCfg = Debug|Any CPU
		{579DAC1D-BD4A-4559-B3C8-F8034BDB654E}.Debug|Any CPU.Build.0 = Debug|Any CPU
		{579DAC1D-BD4A-4559-B3C8-F8034BDB654E}.Debug|iPhone.ActiveCfg = Debug|Any CPU
		{579DAC1D-BD4A-4559-B3C8-F8034BDB654E}.Debug|iPhone.Build.0 = Debug|Any CPU
		{579DAC1D-BD4A-4559-B3C8-F8034BDB654E}.Debug|iPhoneSimulator.ActiveCfg = Debug|Any CPU
		{579DAC1D-BD4A-4559-B3C8-F8034BDB654E}.Debug|iPhoneSimulator.Build.0 = Debug|Any CPU
		{579DAC1D-BD4A-4559-B3C8-F8034BDB654E}.Release|Any CPU.ActiveCfg = Release|Any CPU
		{579DAC1D-BD4A-4559-B3C8-F8034BDB654E}.Release|Any CPU.Build.0 = Release|Any CPU
		{579DAC1D-BD4A-4559-B3C8-F8034BDB654E}.Release|iPhone.ActiveCfg = Release|Any CPU
		{579DAC1D-BD4A-4559-B3C8-F8034BDB654E}.Release|iPhone.Build.0 = Release|Any CPU
		{579DAC1D-BD4A-4559-B3C8-F8034BDB654E}.Release|iPhoneSimulator.ActiveCfg = Release|Any CPU
		{579DAC1D-BD4A-4559-B3C8-F8034BDB654E}.Release|iPhoneSimulator.Build.0 = Release|Any CPU
		{B22A836F-1BC8-43D8-995A-8D3CD36ABA9E}.Ad-Hoc|Any CPU.ActiveCfg = Release|Any CPU
		{B22A836F-1BC8-43D8-995A-8D3CD36ABA9E}.Ad-Hoc|Any CPU.Build.0 = Release|Any CPU
		{B22A836F-1BC8-43D8-995A-8D3CD36ABA9E}.Ad-Hoc|Any CPU.Deploy.0 = Release|Any CPU
		{B22A836F-1BC8-43D8-995A-8D3CD36ABA9E}.Ad-Hoc|iPhone.ActiveCfg = Release|Any CPU
		{B22A836F-1BC8-43D8-995A-8D3CD36ABA9E}.Ad-Hoc|iPhone.Build.0 = Release|Any CPU
		{B22A836F-1BC8-43D8-995A-8D3CD36ABA9E}.Ad-Hoc|iPhone.Deploy.0 = Release|Any CPU
		{B22A836F-1BC8-43D8-995A-8D3CD36ABA9E}.Ad-Hoc|iPhoneSimulator.ActiveCfg = Release|Any CPU
		{B22A836F-1BC8-43D8-995A-8D3CD36ABA9E}.Ad-Hoc|iPhoneSimulator.Build.0 = Release|Any CPU
		{B22A836F-1BC8-43D8-995A-8D3CD36ABA9E}.Ad-Hoc|iPhoneSimulator.Deploy.0 = Release|Any CPU
		{B22A836F-1BC8-43D8-995A-8D3CD36ABA9E}.AppStore|Any CPU.ActiveCfg = Release|Any CPU
		{B22A836F-1BC8-43D8-995A-8D3CD36ABA9E}.AppStore|Any CPU.Build.0 = Release|Any CPU
		{B22A836F-1BC8-43D8-995A-8D3CD36ABA9E}.AppStore|Any CPU.Deploy.0 = Release|Any CPU
		{B22A836F-1BC8-43D8-995A-8D3CD36ABA9E}.AppStore|iPhone.ActiveCfg = Release|Any CPU
		{B22A836F-1BC8-43D8-995A-8D3CD36ABA9E}.AppStore|iPhone.Build.0 = Release|Any CPU
		{B22A836F-1BC8-43D8-995A-8D3CD36ABA9E}.AppStore|iPhone.Deploy.0 = Release|Any CPU
		{B22A836F-1BC8-43D8-995A-8D3CD36ABA9E}.AppStore|iPhoneSimulator.ActiveCfg = Release|Any CPU
		{B22A836F-1BC8-43D8-995A-8D3CD36ABA9E}.AppStore|iPhoneSimulator.Build.0 = Release|Any CPU
		{B22A836F-1BC8-43D8-995A-8D3CD36ABA9E}.AppStore|iPhoneSimulator.Deploy.0 = Release|Any CPU
		{B22A836F-1BC8-43D8-995A-8D3CD36ABA9E}.Debug|Any CPU.ActiveCfg = Debug|Any CPU
		{B22A836F-1BC8-43D8-995A-8D3CD36ABA9E}.Debug|Any CPU.Build.0 = Debug|Any CPU
		{B22A836F-1BC8-43D8-995A-8D3CD36ABA9E}.Debug|Any CPU.Deploy.0 = Debug|Any CPU
		{B22A836F-1BC8-43D8-995A-8D3CD36ABA9E}.Debug|iPhone.ActiveCfg = Debug|Any CPU
		{B22A836F-1BC8-43D8-995A-8D3CD36ABA9E}.Debug|iPhone.Build.0 = Debug|Any CPU
		{B22A836F-1BC8-43D8-995A-8D3CD36ABA9E}.Debug|iPhone.Deploy.0 = Debug|Any CPU
		{B22A836F-1BC8-43D8-995A-8D3CD36ABA9E}.Debug|iPhoneSimulator.ActiveCfg = Debug|Any CPU
		{B22A836F-1BC8-43D8-995A-8D3CD36ABA9E}.Debug|iPhoneSimulator.Build.0 = Debug|Any CPU
		{B22A836F-1BC8-43D8-995A-8D3CD36ABA9E}.Debug|iPhoneSimulator.Deploy.0 = Debug|Any CPU
		{B22A836F-1BC8-43D8-995A-8D3CD36ABA9E}.Release|Any CPU.ActiveCfg = Release|Any CPU
		{B22A836F-1BC8-43D8-995A-8D3CD36ABA9E}.Release|Any CPU.Build.0 = Release|Any CPU
		{B22A836F-1BC8-43D8-995A-8D3CD36ABA9E}.Release|Any CPU.Deploy.0 = Release|Any CPU
		{B22A836F-1BC8-43D8-995A-8D3CD36ABA9E}.Release|iPhone.ActiveCfg = Release|Any CPU
		{B22A836F-1BC8-43D8-995A-8D3CD36ABA9E}.Release|iPhone.Build.0 = Release|Any CPU
		{B22A836F-1BC8-43D8-995A-8D3CD36ABA9E}.Release|iPhone.Deploy.0 = Release|Any CPU
		{B22A836F-1BC8-43D8-995A-8D3CD36ABA9E}.Release|iPhoneSimulator.ActiveCfg = Release|Any CPU
		{B22A836F-1BC8-43D8-995A-8D3CD36ABA9E}.Release|iPhoneSimulator.Build.0 = Release|Any CPU
		{B22A836F-1BC8-43D8-995A-8D3CD36ABA9E}.Release|iPhoneSimulator.Deploy.0 = Release|Any CPU
		{80A96B52-6758-4BDB-B0B4-CEA4CA155C60}.Ad-Hoc|Any CPU.ActiveCfg = Release|iPhone
		{80A96B52-6758-4BDB-B0B4-CEA4CA155C60}.Ad-Hoc|Any CPU.Build.0 = Release|iPhone
		{80A96B52-6758-4BDB-B0B4-CEA4CA155C60}.Ad-Hoc|iPhone.ActiveCfg = Release|iPhone
		{80A96B52-6758-4BDB-B0B4-CEA4CA155C60}.Ad-Hoc|iPhone.Build.0 = Release|iPhone
		{80A96B52-6758-4BDB-B0B4-CEA4CA155C60}.Ad-Hoc|iPhoneSimulator.ActiveCfg = Release|iPhoneSimulator
		{80A96B52-6758-4BDB-B0B4-CEA4CA155C60}.Ad-Hoc|iPhoneSimulator.Build.0 = Release|iPhoneSimulator
		{80A96B52-6758-4BDB-B0B4-CEA4CA155C60}.AppStore|Any CPU.ActiveCfg = Release|iPhone
		{80A96B52-6758-4BDB-B0B4-CEA4CA155C60}.AppStore|Any CPU.Build.0 = Release|iPhone
		{80A96B52-6758-4BDB-B0B4-CEA4CA155C60}.AppStore|iPhone.ActiveCfg = Release|iPhone
		{80A96B52-6758-4BDB-B0B4-CEA4CA155C60}.AppStore|iPhone.Build.0 = Release|iPhone
		{80A96B52-6758-4BDB-B0B4-CEA4CA155C60}.AppStore|iPhoneSimulator.ActiveCfg = Release|iPhoneSimulator
		{80A96B52-6758-4BDB-B0B4-CEA4CA155C60}.AppStore|iPhoneSimulator.Build.0 = Release|iPhoneSimulator
		{80A96B52-6758-4BDB-B0B4-CEA4CA155C60}.Debug|Any CPU.ActiveCfg = Debug|iPhone
		{80A96B52-6758-4BDB-B0B4-CEA4CA155C60}.Debug|iPhone.ActiveCfg = Debug|iPhone
		{80A96B52-6758-4BDB-B0B4-CEA4CA155C60}.Debug|iPhone.Build.0 = Debug|iPhone
		{80A96B52-6758-4BDB-B0B4-CEA4CA155C60}.Debug|iPhoneSimulator.ActiveCfg = Debug|iPhoneSimulator
		{80A96B52-6758-4BDB-B0B4-CEA4CA155C60}.Debug|iPhoneSimulator.Build.0 = Debug|iPhoneSimulator
		{80A96B52-6758-4BDB-B0B4-CEA4CA155C60}.Release|Any CPU.ActiveCfg = Release|iPhone
		{80A96B52-6758-4BDB-B0B4-CEA4CA155C60}.Release|iPhone.ActiveCfg = Release|iPhone
		{80A96B52-6758-4BDB-B0B4-CEA4CA155C60}.Release|iPhone.Build.0 = Release|iPhone
		{80A96B52-6758-4BDB-B0B4-CEA4CA155C60}.Release|iPhoneSimulator.ActiveCfg = Release|iPhoneSimulator
		{80A96B52-6758-4BDB-B0B4-CEA4CA155C60}.Release|iPhoneSimulator.Build.0 = Release|iPhoneSimulator
	EndGlobalSection
	GlobalSection(SolutionProperties) = preSolution
		HideSolutionNode = FALSE
	EndGlobalSection
	GlobalSection(NestedProjects) = preSolution
		{A34A2628-5847-4A32-94DE-EF8CF0F3E91B} = {DBF4151F-BB14-492F-84A3-10FE5BCB7BE8}
		{53394B89-F1F8-4930-88B6-EE8B76F66AA4} = {57EDEB0A-0C9B-4276-BA3D-2ABFFDC1E439}
		{794FF3CC-69EA-469A-8B5D-961571B11A0D} = {57EDEB0A-0C9B-4276-BA3D-2ABFFDC1E439}
		{5A4BA98D-F835-41D3-AB5F-38AAC5CF67ED} = {53394B89-F1F8-4930-88B6-EE8B76F66AA4}
		{143B6D2C-FBC4-41D7-B1BE-97760181EFD8} = {53394B89-F1F8-4930-88B6-EE8B76F66AA4}
		{95CB8A84-5DEA-42DB-A199-3EEE7A3C82E2} = {53394B89-F1F8-4930-88B6-EE8B76F66AA4}
		{579DAC1D-BD4A-4559-B3C8-F8034BDB654E} = {794FF3CC-69EA-469A-8B5D-961571B11A0D}
		{B22A836F-1BC8-43D8-995A-8D3CD36ABA9E} = {794FF3CC-69EA-469A-8B5D-961571B11A0D}
		{80A96B52-6758-4BDB-B0B4-CEA4CA155C60} = {794FF3CC-69EA-469A-8B5D-961571B11A0D}
	EndGlobalSection
	GlobalSection(ExtensibilityGlobals) = postSolution
		SolutionGuid = {6666A2F8-53A4-4C65-A868-24AF138E7AEE}
	EndGlobalSection
EndGlobal
